
Microsoft Visual Studio Solution File, Format Version 12.00
# Visual Studio 14
VisualStudioVersion = 14.0.25420.1
MinimumVisualStudioVersion = 10.0.40219.1
Project("{FAE04EC0-301F-11D3-BF4B-00C04F79EFBC}") = "Pierwsze_spotkanie", "Pierwsze_spotkanie\Pierwsze_spotkanie.csproj", "{496FF9CA-CDB6-4DF7-9BF0-D12AE2444DFD}"
EndProject
Project("{FAE04EC0-301F-11D3-BF4B-00C04F79EFBC}") = "Drugie_spotkanie", "Drugie_spotkanie\Drugie_spotkanie.csproj", "{12F2100E-2FF3-4E4D-AB69-F3F965969AD4}"
EndProject
Project("{FAE04EC0-301F-11D3-BF4B-00C04F79EFBC}") = "Trzecie_spotkanie", "Trzecie_spotkanie\Trzecie_spotkanie.csproj", "{1817D303-5DB5-411E-8CF4-4C706FA198DF}"
EndProject
Project("{FAE04EC0-301F-11D3-BF4B-00C04F79EFBC}") = "Czwarte_spotkanie_Visual", "Czwarte_spotkanie_Visual\Czwarte_spotkanie_Visual.csproj", "{37B44BA9-B74B-4456-B070-E32BFA1C40E3}"
EndProject
Project("{FAE04EC0-301F-11D3-BF4B-00C04F79EFBC}") = "Piate_spotkanie", "Piate_spotkanie\Piate_spotkanie.csproj", "{1A30DC0B-094E-4D44-8108-F0D033128360}"
EndProject
Project("{FAE04EC0-301F-11D3-BF4B-00C04F79EFBC}") = "Piate_spotkanie_WinForm", "Piate_spotkanie_WinForm\Piate_spotkanie_WinForm.csproj", "{4832D052-4DC4-4099-9103-B0FC4B9E313E}"
EndProject
Global
	GlobalSection(SolutionConfigurationPlatforms) = preSolution
		Debug|Any CPU = Debug|Any CPU
		Release|Any CPU = Release|Any CPU
	EndGlobalSection
	GlobalSection(ProjectConfigurationPlatforms) = postSolution
		{496FF9CA-CDB6-4DF7-9BF0-D12AE2444DFD}.Debug|Any CPU.ActiveCfg = Debug|Any CPU
		{496FF9CA-CDB6-4DF7-9BF0-D12AE2444DFD}.Debug|Any CPU.Build.0 = Debug|Any CPU
		{496FF9CA-CDB6-4DF7-9BF0-D12AE2444DFD}.Release|Any CPU.ActiveCfg = Release|Any CPU
		{496FF9CA-CDB6-4DF7-9BF0-D12AE2444DFD}.Release|Any CPU.Build.0 = Release|Any CPU
		{12F2100E-2FF3-4E4D-AB69-F3F965969AD4}.Debug|Any CPU.ActiveCfg = Debug|Any CPU
		{12F2100E-2FF3-4E4D-AB69-F3F965969AD4}.Debug|Any CPU.Build.0 = Debug|Any CPU
		{12F2100E-2FF3-4E4D-AB69-F3F965969AD4}.Release|Any CPU.ActiveCfg = Release|Any CPU
		{12F2100E-2FF3-4E4D-AB69-F3F965969AD4}.Release|Any CPU.Build.0 = Release|Any CPU
		{1817D303-5DB5-411E-8CF4-4C706FA198DF}.Debug|Any CPU.ActiveCfg = Debug|Any CPU
		{1817D303-5DB5-411E-8CF4-4C706FA198DF}.Debug|Any CPU.Build.0 = Debug|Any CPU
		{1817D303-5DB5-411E-8CF4-4C706FA198DF}.Release|Any CPU.ActiveCfg = Release|Any CPU
		{1817D303-5DB5-411E-8CF4-4C706FA198DF}.Release|Any CPU.Build.0 = Release|Any CPU
		{37B44BA9-B74B-4456-B070-E32BFA1C40E3}.Debug|Any CPU.ActiveCfg = Debug|Any CPU
		{37B44BA9-B74B-4456-B070-E32BFA1C40E3}.Debug|Any CPU.Build.0 = Debug|Any CPU
		{37B44BA9-B74B-4456-B070-E32BFA1C40E3}.Release|Any CPU.ActiveCfg = Release|Any CPU
		{37B44BA9-B74B-4456-B070-E32BFA1C40E3}.Release|Any CPU.Build.0 = Release|Any CPU
		{1A30DC0B-094E-4D44-8108-F0D033128360}.Debug|Any CPU.ActiveCfg = Debug|Any CPU
		{1A30DC0B-094E-4D44-8108-F0D033128360}.Debug|Any CPU.Build.0 = Debug|Any CPU
		{1A30DC0B-094E-4D44-8108-F0D033128360}.Release|Any CPU.ActiveCfg = Release|Any CPU
		{1A30DC0B-094E-4D44-8108-F0D033128360}.Release|Any CPU.Build.0 = Release|Any CPU
		{4832D052-4DC4-4099-9103-B0FC4B9E313E}.Debug|Any CPU.ActiveCfg = Debug|Any CPU
		{4832D052-4DC4-4099-9103-B0FC4B9E313E}.Debug|Any CPU.Build.0 = Debug|Any CPU
		{4832D052-4DC4-4099-9103-B0FC4B9E313E}.Release|Any CPU.ActiveCfg = Release|Any CPU
		{4832D052-4DC4-4099-9103-B0FC4B9E313E}.Release|Any CPU.Build.0 = Release|Any CPU
	EndGlobalSection
	GlobalSection(SolutionProperties) = preSolution
		HideSolutionNode = FALSE
	EndGlobalSection
EndGlobal
