
Microsoft Visual Studio Solution File, Format Version 12.00
# Visual Studio 14
VisualStudioVersion = 14.0.25420.1
MinimumVisualStudioVersion = 10.0.40219.1
Project("{8BC9CEB8-8B4A-11D0-8D11-00A0C91BC942}") = "Lekcja 1 - Wiadomość", "Lekcja 1 - Wiadomość\Lekcja 1 - Wiadomość.vcxproj", "{F396C32A-CE48-40FE-B821-F1E021AB2F26}"
EndProject
Project("{8BC9CEB8-8B4A-11D0-8D11-00A0C91BC942}") = "Szablon_okna", "Szablon_okna\Szablon_okna.vcxproj", "{8B99ECC8-DB55-4213-8706-19644DB69892}"
EndProject
Project("{8BC9CEB8-8B4A-11D0-8D11-00A0C91BC942}") = "PIU- 3 okna", "PIU- 3 okna\PIU- 3 okna.vcxproj", "{22199B27-965C-47DA-891E-81CD1797E105}"
EndProject
Project("{8BC9CEB8-8B4A-11D0-8D11-00A0C91BC942}") = "Lekcja 2 - WM_PAINT", "Lekcja 2 - WM_PAINT\Lekcja 2 - WM_PAINT.vcxproj", "{ED3A83E7-1E8D-44EF-967A-6D656C10ECA4}"
EndProject
Global
	GlobalSection(SolutionConfigurationPlatforms) = preSolution
		Debug|x64 = Debug|x64
		Debug|x86 = Debug|x86
		Release|x64 = Release|x64
		Release|x86 = Release|x86
	EndGlobalSection
	GlobalSection(ProjectConfigurationPlatforms) = postSolution
		{F396C32A-CE48-40FE-B821-F1E021AB2F26}.Debug|x64.ActiveCfg = Debug|x64
		{F396C32A-CE48-40FE-B821-F1E021AB2F26}.Debug|x64.Build.0 = Debug|x64
		{F396C32A-CE48-40FE-B821-F1E021AB2F26}.Debug|x86.ActiveCfg = Debug|Win32
		{F396C32A-CE48-40FE-B821-F1E021AB2F26}.Debug|x86.Build.0 = Debug|Win32
		{F396C32A-CE48-40FE-B821-F1E021AB2F26}.Release|x64.ActiveCfg = Release|x64
		{F396C32A-CE48-40FE-B821-F1E021AB2F26}.Release|x64.Build.0 = Release|x64
		{F396C32A-CE48-40FE-B821-F1E021AB2F26}.Release|x86.ActiveCfg = Release|Win32
		{F396C32A-CE48-40FE-B821-F1E021AB2F26}.Release|x86.Build.0 = Release|Win32
		{8B99ECC8-DB55-4213-8706-19644DB69892}.Debug|x64.ActiveCfg = Debug|x64
		{8B99ECC8-DB55-4213-8706-19644DB69892}.Debug|x64.Build.0 = Debug|x64
		{8B99ECC8-DB55-4213-8706-19644DB69892}.Debug|x86.ActiveCfg = Debug|Win32
		{8B99ECC8-DB55-4213-8706-19644DB69892}.Debug|x86.Build.0 = Debug|Win32
		{8B99ECC8-DB55-4213-8706-19644DB69892}.Release|x64.ActiveCfg = Release|x64
		{8B99ECC8-DB55-4213-8706-19644DB69892}.Release|x64.Build.0 = Release|x64
		{8B99ECC8-DB55-4213-8706-19644DB69892}.Release|x86.ActiveCfg = Release|Win32
		{8B99ECC8-DB55-4213-8706-19644DB69892}.Release|x86.Build.0 = Release|Win32
		{22199B27-965C-47DA-891E-81CD1797E105}.Debug|x64.ActiveCfg = Debug|x64
		{22199B27-965C-47DA-891E-81CD1797E105}.Debug|x64.Build.0 = Debug|x64
		{22199B27-965C-47DA-891E-81CD1797E105}.Debug|x86.ActiveCfg = Debug|Win32
		{22199B27-965C-47DA-891E-81CD1797E105}.Debug|x86.Build.0 = Debug|Win32
		{22199B27-965C-47DA-891E-81CD1797E105}.Release|x64.ActiveCfg = Release|x64
		{22199B27-965C-47DA-891E-81CD1797E105}.Release|x64.Build.0 = Release|x64
		{22199B27-965C-47DA-891E-81CD1797E105}.Release|x86.ActiveCfg = Release|Win32
		{22199B27-965C-47DA-891E-81CD1797E105}.Release|x86.Build.0 = Release|Win32
		{ED3A83E7-1E8D-44EF-967A-6D656C10ECA4}.Debug|x64.ActiveCfg = Debug|x64
		{ED3A83E7-1E8D-44EF-967A-6D656C10ECA4}.Debug|x64.Build.0 = Debug|x64
		{ED3A83E7-1E8D-44EF-967A-6D656C10ECA4}.Debug|x86.ActiveCfg = Debug|Win32
		{ED3A83E7-1E8D-44EF-967A-6D656C10ECA4}.Debug|x86.Build.0 = Debug|Win32
		{ED3A83E7-1E8D-44EF-967A-6D656C10ECA4}.Release|x64.ActiveCfg = Release|x64
		{ED3A83E7-1E8D-44EF-967A-6D656C10ECA4}.Release|x64.Build.0 = Release|x64
		{ED3A83E7-1E8D-44EF-967A-6D656C10ECA4}.Release|x86.ActiveCfg = Release|Win32
		{ED3A83E7-1E8D-44EF-967A-6D656C10ECA4}.Release|x86.Build.0 = Release|Win32
	EndGlobalSection
	GlobalSection(SolutionProperties) = preSolution
		HideSolutionNode = FALSE
	EndGlobalSection
EndGlobal
